
Microsoft Visual Studio Solution File, Format Version 12.00
# Visual Studio Version 16
VisualStudioVersion = 25.0.1706.0
MinimumVisualStudioVersion = 10.0.40219.1
Project("{FAE04EC0-301F-11D3-BF4B-00C04F79EFBC}") = "PetTracerAPI", "PetTracerAPI\PetTracerAPI.csproj", "{47A523A3-6224-4322-BD2D-D4D56C458B80}"
EndProject
Project("{E53339B2-1760-4266-BCC7-CA923CBCF16C}") = "docker-compose", "docker-compose.dcproj", "{98895874-74D7-46BD-B50A-E59995A69822}"
EndProject
Global
	GlobalSection(SolutionConfigurationPlatforms) = preSolution
		Debug|Any CPU = Debug|Any CPU
		Release|Any CPU = Release|Any CPU
	EndGlobalSection
	GlobalSection(ProjectConfigurationPlatforms) = postSolution
		{47A523A3-6224-4322-BD2D-D4D56C458B80}.Debug|Any CPU.ActiveCfg = Debug|Any CPU
		{47A523A3-6224-4322-BD2D-D4D56C458B80}.Debug|Any CPU.Build.0 = Debug|Any CPU
		{47A523A3-6224-4322-BD2D-D4D56C458B80}.Release|Any CPU.ActiveCfg = Release|Any CPU
		{47A523A3-6224-4322-BD2D-D4D56C458B80}.Release|Any CPU.Build.0 = Release|Any CPU
		{98895874-74D7-46BD-B50A-E59995A69822}.Debug|Any CPU.ActiveCfg = Debug|Any CPU
		{98895874-74D7-46BD-B50A-E59995A69822}.Debug|Any CPU.Build.0 = Debug|Any CPU
		{98895874-74D7-46BD-B50A-E59995A69822}.Release|Any CPU.ActiveCfg = Release|Any CPU
		{98895874-74D7-46BD-B50A-E59995A69822}.Release|Any CPU.Build.0 = Release|Any CPU
	EndGlobalSection
	GlobalSection(SolutionProperties) = preSolution
		HideSolutionNode = FALSE
	EndGlobalSection
	GlobalSection(ExtensibilityGlobals) = postSolution
		SolutionGuid = {84022D85-C197-4144-90EF-097101FD6811}
	EndGlobalSection
EndGlobal
